github.com/dafailyasa/go-module-hello-lib v1.0.0 h1:yafk/TPG+W4xpokj39oYkiOWLEpkc3y6PWDH7URIJPA=
github.com/dafailyasa/go-module-hello-lib v1.0.0/go.mod h1:F4cJq6nJq8hb8GrSZLDo7w3dgsrWNgcqxu8JYh2AZBk=
github.com/dafailyasa/go-module-hello-lib v1.5.0 h1:yeTmLqIigmOkWvxtCtOcItnocxnBr2fZOWz5ZhZc6ko=
github.com/dafailyasa/go-module-hello-lib v1.5.0/go.mod h1:F4cJq6nJq8hb8GrSZLDo7w3dgsrWNgcqxu8JYh2AZBk=
